
Microsoft Visual Studio Solution File, Format Version 12.00
# Visual Studio 14
VisualStudioVersion = 14.0.25420.1
MinimumVisualStudioVersion = 10.0.40219.1
Project("{2150E333-8FDC-42A3-9474-1A3956D46DE8}") = "Service", "Service", "{AC7C9C4C-7F0E-41E9-902C-9F1D0443346D}"
EndProject
Project("{2150E333-8FDC-42A3-9474-1A3956D46DE8}") = "Client", "Client", "{0D4E6B33-1C68-4FF0-922B-6DB6145BDAE2}"
EndProject
Project("{2150E333-8FDC-42A3-9474-1A3956D46DE8}") = "Pays", "Pays", "{12543BDE-DA16-4C2E-9030-A355ADF8C3AA}"
EndProject
Project("{FAE04EC0-301F-11D3-BF4B-00C04F79EFBC}") = "LsPay.Service.WindowsService", "LsPay.Service.WindowsService\LsPay.Service.WindowsService.csproj", "{14545A56-1ECD-44A6-9ADC-B922DB12EEBF}"
EndProject
Project("{FAE04EC0-301F-11D3-BF4B-00C04F79EFBC}") = "LsPay.Sevice.Wcf.Service", "LsPay.Sevice.Wcf.Service\LsPay.Sevice.Wcf.Service.csproj", "{4B5FB4BA-7303-42E1-BDE9-BD4E1D184B8C}"
EndProject
Project("{2150E333-8FDC-42A3-9474-1A3956D46DE8}") = "Wcf", "Wcf", "{5C106951-0143-4587-AF4D-455D6E2C33CD}"
EndProject
Project("{FAE04EC0-301F-11D3-BF4B-00C04F79EFBC}") = "LsPay.Service.Wcf.Model", "LsPay.Service.Wcf.Model\LsPay.Service.Wcf.Model.csproj", "{5D25108F-60F5-432A-8AE9-CECD003B5F8A}"
EndProject
Project("{FAE04EC0-301F-11D3-BF4B-00C04F79EFBC}") = "LsPay.Service.Wcf.Contract", "LsPay.Service.Wcf.Contract\LsPay.Service.Wcf.Contract.csproj", "{63686048-DC70-424D-9FE1-2EBE531F6DE3}"
EndProject
Project("{FAE04EC0-301F-11D3-BF4B-00C04F79EFBC}") = "LsPay.Service.Interface", "LsPay.Service.Interface\LsPay.Service.Interface.csproj", "{CF26CF66-EF0B-44B0-AD24-460B9F052221}"
EndProject
Project("{FAE04EC0-301F-11D3-BF4B-00C04F79EFBC}") = "LsPay.Service.ISO8583", "LsPay.Service.ISO8583\LsPay.Service.ISO8583.csproj", "{8AB0CDCD-A0B2-4EF7-9671-D6217701EA28}"
EndProject
Project("{FAE04EC0-301F-11D3-BF4B-00C04F79EFBC}") = "LsPay.Service.Util", "LsPay.Service.Util\LsPay.Service.Util.csproj", "{69F98F12-0FAB-4804-A80B-209819717C5A}"
EndProject
Project("{FAE04EC0-301F-11D3-BF4B-00C04F79EFBC}") = "LsPay.Service.Pays.ChinaUnionPay", "LsPay.Service.Pays.ChinaUnionPay\LsPay.Service.Pays.ChinaUnionPay.csproj", "{83DE52DF-9618-4B64-A147-F70CA4935FD2}"
EndProject
Project("{FAE04EC0-301F-11D3-BF4B-00C04F79EFBC}") = "LsPay.Service.Pays.AllInPay", "LsPay.Service.Pays.AllInPay\LsPay.Service.Pays.AllInPay.csproj", "{1457ACA6-10A5-4CB6-B0AC-25BAF6994F63}"
EndProject
Project("{FAE04EC0-301F-11D3-BF4B-00C04F79EFBC}") = "LsPay.Service.Pays.BankOfCangzhou", "LsPay.Service.Pays.BankOfCangzhou\LsPay.Service.Pays.BankOfCangzhou.csproj", "{AEA5C5AD-0D7B-421D-B1D8-C9DF70D6BE5D}"
EndProject
Project("{FAE04EC0-301F-11D3-BF4B-00C04F79EFBC}") = "LsPay.Service.Pays.AliPay", "LsPay.Service.Pays.AliPay\LsPay.Service.Pays.AliPay.csproj", "{1A32BD76-24E6-4559-A65D-23584DEBC64F}"
EndProject
Project("{FAE04EC0-301F-11D3-BF4B-00C04F79EFBC}") = "LsPay.Service.Pays.WxPay", "LsPay.Service.Pays.WxPay\LsPay.Service.Pays.WxPay.csproj", "{D0D6A857-425C-49CC-A82B-3943979D4C7F}"
EndProject
Project("{FAE04EC0-301F-11D3-BF4B-00C04F79EFBC}") = "LsPay.Client", "LsPay.Client\LsPay.Client.csproj", "{93F7D54A-CAA6-42E7-8384-33430C36EB79}"
EndProject
Project("{2150E333-8FDC-42A3-9474-1A3956D46DE8}") = "UnitTest", "UnitTest", "{527ECD7D-EB0E-4D96-B56E-BB26FC823C43}"
EndProject
Project("{FAE04EC0-301F-11D3-BF4B-00C04F79EFBC}") = "UnitTest.Client", "UnitTest.Client\UnitTest.Client.csproj", "{239118B7-F948-41C3-8EB2-DF0279369DC3}"
EndProject
Global
	GlobalSection(SolutionConfigurationPlatforms) = preSolution
		Debug|Any CPU = Debug|Any CPU
		Release|Any CPU = Release|Any CPU
	EndGlobalSection
	GlobalSection(ProjectConfigurationPlatforms) = postSolution
		{14545A56-1ECD-44A6-9ADC-B922DB12EEBF}.Debug|Any CPU.ActiveCfg = Debug|Any CPU
		{14545A56-1ECD-44A6-9ADC-B922DB12EEBF}.Debug|Any CPU.Build.0 = Debug|Any CPU
		{14545A56-1ECD-44A6-9ADC-B922DB12EEBF}.Release|Any CPU.ActiveCfg = Release|Any CPU
		{14545A56-1ECD-44A6-9ADC-B922DB12EEBF}.Release|Any CPU.Build.0 = Release|Any CPU
		{4B5FB4BA-7303-42E1-BDE9-BD4E1D184B8C}.Debug|Any CPU.ActiveCfg = Debug|Any CPU
		{4B5FB4BA-7303-42E1-BDE9-BD4E1D184B8C}.Debug|Any CPU.Build.0 = Debug|Any CPU
		{4B5FB4BA-7303-42E1-BDE9-BD4E1D184B8C}.Release|Any CPU.ActiveCfg = Release|Any CPU
		{4B5FB4BA-7303-42E1-BDE9-BD4E1D184B8C}.Release|Any CPU.Build.0 = Release|Any CPU
		{5D25108F-60F5-432A-8AE9-CECD003B5F8A}.Debug|Any CPU.ActiveCfg = Debug|Any CPU
		{5D25108F-60F5-432A-8AE9-CECD003B5F8A}.Debug|Any CPU.Build.0 = Debug|Any CPU
		{5D25108F-60F5-432A-8AE9-CECD003B5F8A}.Release|Any CPU.ActiveCfg = Release|Any CPU
		{5D25108F-60F5-432A-8AE9-CECD003B5F8A}.Release|Any CPU.Build.0 = Release|Any CPU
		{63686048-DC70-424D-9FE1-2EBE531F6DE3}.Debug|Any CPU.ActiveCfg = Debug|Any CPU
		{63686048-DC70-424D-9FE1-2EBE531F6DE3}.Debug|Any CPU.Build.0 = Debug|Any CPU
		{63686048-DC70-424D-9FE1-2EBE531F6DE3}.Release|Any CPU.ActiveCfg = Release|Any CPU
		{63686048-DC70-424D-9FE1-2EBE531F6DE3}.Release|Any CPU.Build.0 = Release|Any CPU
		{CF26CF66-EF0B-44B0-AD24-460B9F052221}.Debug|Any CPU.ActiveCfg = Debug|Any CPU
		{CF26CF66-EF0B-44B0-AD24-460B9F052221}.Debug|Any CPU.Build.0 = Debug|Any CPU
		{CF26CF66-EF0B-44B0-AD24-460B9F052221}.Release|Any CPU.ActiveCfg = Release|Any CPU
		{CF26CF66-EF0B-44B0-AD24-460B9F052221}.Release|Any CPU.Build.0 = Release|Any CPU
		{8AB0CDCD-A0B2-4EF7-9671-D6217701EA28}.Debug|Any CPU.ActiveCfg = Debug|Any CPU
		{8AB0CDCD-A0B2-4EF7-9671-D6217701EA28}.Debug|Any CPU.Build.0 = Debug|Any CPU
		{8AB0CDCD-A0B2-4EF7-9671-D6217701EA28}.Release|Any CPU.ActiveCfg = Release|Any CPU
		{8AB0CDCD-A0B2-4EF7-9671-D6217701EA28}.Release|Any CPU.Build.0 = Release|Any CPU
		{69F98F12-0FAB-4804-A80B-209819717C5A}.Debug|Any CPU.ActiveCfg = Debug|Any CPU
		{69F98F12-0FAB-4804-A80B-209819717C5A}.Debug|Any CPU.Build.0 = Debug|Any CPU
		{69F98F12-0FAB-4804-A80B-209819717C5A}.Release|Any CPU.ActiveCfg = Release|Any CPU
		{69F98F12-0FAB-4804-A80B-209819717C5A}.Release|Any CPU.Build.0 = Release|Any CPU
		{83DE52DF-9618-4B64-A147-F70CA4935FD2}.Debug|Any CPU.ActiveCfg = Debug|Any CPU
		{83DE52DF-9618-4B64-A147-F70CA4935FD2}.Debug|Any CPU.Build.0 = Debug|Any CPU
		{83DE52DF-9618-4B64-A147-F70CA4935FD2}.Release|Any CPU.ActiveCfg = Release|Any CPU
		{83DE52DF-9618-4B64-A147-F70CA4935FD2}.Release|Any CPU.Build.0 = Release|Any CPU
		{1457ACA6-10A5-4CB6-B0AC-25BAF6994F63}.Debug|Any CPU.ActiveCfg = Debug|Any CPU
		{1457ACA6-10A5-4CB6-B0AC-25BAF6994F63}.Debug|Any CPU.Build.0 = Debug|Any CPU
		{1457ACA6-10A5-4CB6-B0AC-25BAF6994F63}.Release|Any CPU.ActiveCfg = Release|Any CPU
		{1457ACA6-10A5-4CB6-B0AC-25BAF6994F63}.Release|Any CPU.Build.0 = Release|Any CPU
		{AEA5C5AD-0D7B-421D-B1D8-C9DF70D6BE5D}.Debug|Any CPU.ActiveCfg = Debug|Any CPU
		{AEA5C5AD-0D7B-421D-B1D8-C9DF70D6BE5D}.Debug|Any CPU.Build.0 = Debug|Any CPU
		{AEA5C5AD-0D7B-421D-B1D8-C9DF70D6BE5D}.Release|Any CPU.ActiveCfg = Release|Any CPU
		{AEA5C5AD-0D7B-421D-B1D8-C9DF70D6BE5D}.Release|Any CPU.Build.0 = Release|Any CPU
		{1A32BD76-24E6-4559-A65D-23584DEBC64F}.Debug|Any CPU.ActiveCfg = Debug|Any CPU
		{1A32BD76-24E6-4559-A65D-23584DEBC64F}.Debug|Any CPU.Build.0 = Debug|Any CPU
		{1A32BD76-24E6-4559-A65D-23584DEBC64F}.Release|Any CPU.ActiveCfg = Release|Any CPU
		{1A32BD76-24E6-4559-A65D-23584DEBC64F}.Release|Any CPU.Build.0 = Release|Any CPU
		{D0D6A857-425C-49CC-A82B-3943979D4C7F}.Debug|Any CPU.ActiveCfg = Debug|Any CPU
		{D0D6A857-425C-49CC-A82B-3943979D4C7F}.Debug|Any CPU.Build.0 = Debug|Any CPU
		{D0D6A857-425C-49CC-A82B-3943979D4C7F}.Release|Any CPU.ActiveCfg = Release|Any CPU
		{D0D6A857-425C-49CC-A82B-3943979D4C7F}.Release|Any CPU.Build.0 = Release|Any CPU
		{93F7D54A-CAA6-42E7-8384-33430C36EB79}.Debug|Any CPU.ActiveCfg = Debug|Any CPU
		{93F7D54A-CAA6-42E7-8384-33430C36EB79}.Debug|Any CPU.Build.0 = Debug|Any CPU
		{93F7D54A-CAA6-42E7-8384-33430C36EB79}.Release|Any CPU.ActiveCfg = Release|Any CPU
		{93F7D54A-CAA6-42E7-8384-33430C36EB79}.Release|Any CPU.Build.0 = Release|Any CPU
		{239118B7-F948-41C3-8EB2-DF0279369DC3}.Debug|Any CPU.ActiveCfg = Debug|Any CPU
		{239118B7-F948-41C3-8EB2-DF0279369DC3}.Debug|Any CPU.Build.0 = Debug|Any CPU
		{239118B7-F948-41C3-8EB2-DF0279369DC3}.Release|Any CPU.ActiveCfg = Release|Any CPU
		{239118B7-F948-41C3-8EB2-DF0279369DC3}.Release|Any CPU.Build.0 = Release|Any CPU
	EndGlobalSection
	GlobalSection(SolutionProperties) = preSolution
		HideSolutionNode = FALSE
	EndGlobalSection
	GlobalSection(NestedProjects) = preSolution
		{12543BDE-DA16-4C2E-9030-A355ADF8C3AA} = {AC7C9C4C-7F0E-41E9-902C-9F1D0443346D}
		{14545A56-1ECD-44A6-9ADC-B922DB12EEBF} = {AC7C9C4C-7F0E-41E9-902C-9F1D0443346D}
		{4B5FB4BA-7303-42E1-BDE9-BD4E1D184B8C} = {5C106951-0143-4587-AF4D-455D6E2C33CD}
		{5C106951-0143-4587-AF4D-455D6E2C33CD} = {AC7C9C4C-7F0E-41E9-902C-9F1D0443346D}
		{5D25108F-60F5-432A-8AE9-CECD003B5F8A} = {5C106951-0143-4587-AF4D-455D6E2C33CD}
		{63686048-DC70-424D-9FE1-2EBE531F6DE3} = {5C106951-0143-4587-AF4D-455D6E2C33CD}
		{CF26CF66-EF0B-44B0-AD24-460B9F052221} = {AC7C9C4C-7F0E-41E9-902C-9F1D0443346D}
		{8AB0CDCD-A0B2-4EF7-9671-D6217701EA28} = {AC7C9C4C-7F0E-41E9-902C-9F1D0443346D}
		{69F98F12-0FAB-4804-A80B-209819717C5A} = {AC7C9C4C-7F0E-41E9-902C-9F1D0443346D}
		{83DE52DF-9618-4B64-A147-F70CA4935FD2} = {12543BDE-DA16-4C2E-9030-A355ADF8C3AA}
		{1457ACA6-10A5-4CB6-B0AC-25BAF6994F63} = {12543BDE-DA16-4C2E-9030-A355ADF8C3AA}
		{AEA5C5AD-0D7B-421D-B1D8-C9DF70D6BE5D} = {12543BDE-DA16-4C2E-9030-A355ADF8C3AA}
		{1A32BD76-24E6-4559-A65D-23584DEBC64F} = {12543BDE-DA16-4C2E-9030-A355ADF8C3AA}
		{D0D6A857-425C-49CC-A82B-3943979D4C7F} = {12543BDE-DA16-4C2E-9030-A355ADF8C3AA}
		{93F7D54A-CAA6-42E7-8384-33430C36EB79} = {0D4E6B33-1C68-4FF0-922B-6DB6145BDAE2}
		{239118B7-F948-41C3-8EB2-DF0279369DC3} = {527ECD7D-EB0E-4D96-B56E-BB26FC823C43}
	EndGlobalSection
EndGlobal
